{
    "_meta": {
        "hash": {
            "sha256": "a0545e1e54f6ff4f47f3f1b822b1c45fcb274c56ddcfe9dbfe060751eab1ca9c"
        },
        "pipfile-spec": 6,
        "requires": {
            "python_version": "3.9"
        },
        "sources": [
            {
                "name": "pypi",
                "url": "https://pypi.org/simple",
                "verify_ssl": true
            }
        ]
    },
    "default": {
        "asgiref": {
            "hashes": [
                "sha256:7e51911ee147dd685c3c8b805c0ad0cb58d360987b56953878f8c06d2d1c6f1a",
                "sha256:9fc6fb5d39b8af147ba40765234fa822b39818b12cc80b35ad9b0cef3a476aed"
            ],
            "markers": "python_version >= '3.5'",
            "version": "==3.2.10"
        },
        "dj-database-url": {
            "hashes": [
                "sha256:4aeaeb1f573c74835b0686a2b46b85990571159ffc21aa57ecd4d1e1cb334163",
                "sha256:851785365761ebe4994a921b433062309eb882fedd318e1b0fcecc607ed02da9"
            ],
            "version": "==0.5.0"
        },
        "django": {
            "hashes": [
                "sha256:1a63f5bb6ff4d7c42f62a519edc2adbb37f9b78068a5a862beff858b68e3dc8b",
                "sha256:2d390268a13c655c97e0e2ede9d117007996db692c1bb93eabebd4fb7ea7012b"
            ],
            "index": "pypi",
            "version": "==3.1.0"
        },
        "django-crispy-forms": {
            "hashes": [
                "sha256:35887b8851a931374dd697207a8f56c57a9c5cb9dbf0b9fa54314da5666cea5b",
                "sha256:bc4d2037f6de602d39c0bc452ac3029d1f5d65e88458872cc4dbc01c3a400604"
            ],
            "index": "pypi",
            "version": "==1.14.0"
        },
        "django-heroku": {
            "hashes": [
                "sha256:59dac588ae0030862c79c31fab2a206a1b549282e157b1831fc8491a3eb65c24",
                "sha256:817165b8c3853bff6cd3b515222b84dd2167a9435b140380181192d153913d69"
            ],
            "index": "pypi",
            "version": "==0.0.0"
        },
        "gunicorn": {
            "hashes": [
                "sha256:9dcc4547dbb1cb284accfb15ab5667a0e5d1881cc443e0677b4882a4067a807e",
                "sha256:e0a968b5ba15f8a328fdfd7ab1fcb5af4470c28aaf7e55df02a99bc13138e6e8"
            ],
            "index": "pypi",
            "version": "==20.1.0"
        },
        "install": {
            "hashes": [
                "sha256:0d3fadf4aa62c95efe8d34757c8507eb46177f86c016c21c6551eafc6a53d5a9",
                "sha256:e67c8a0be5ccf8cb4ffa17d090f3a61b6e820e6a7e21cd1d2c0f7bc59b18e647"
            ],
            "index": "pypi",
            "version": "==1.3.5"
        },
        "psycopg-binary": {
            "hashes": [
                "sha256:02160b18edf812e1816faadc9091238ceabe2b9d1cb7012458c3e61bb14ca7ea",
                "sha256:0240df886f675f7d309a9409bceb6ce84f9691f3a63c2bf0e5ddd67ded1584aa",
                "sha256:09c8bb0ab942d42230e238aa3862a8ad0e6467bcf22d992254a36bc0964f2cae",
                "sha256:0d8f641e93cdf0397baba24ff71d67f665fd8b5acb9df8e4da742ea03e889536",
                "sha256:0fbc49b68b27b8f7847a5975a729c0aa161dd03b83ca69e644cc3e84e464cdd2",
                "sha256:2433dcdbae4e1255b3433f8d72b16e7dfe1baff170ba86967ce765dbb95c5b16",
                "sha256:27c2336cda22a6e8215499bd2c93b163982c4614d16745823af43f3d63b4b880",
                "sha256:297b668e81b8f05cd427c1a127f4d0d1e935fb018dff37c0c1b90fb207e9b2c6",
                "sha256:2ebebb1d7afc34f0228abaa93035de0d00e8e2e5e3e26740d0efd569c6de9c98",
                "sha256:39d529da991ac8d327da8aa4ba1de5698b4f685c97d8138c367dde823497979f",
                "sha256:3ef02023823c8968612d490c810f6a639595d5a63b9497cf3fa122faa58caad0",
                "sha256:47e9b9b59a8da7d32cc67266c6ffadde6d691f9d93c1fbdd3c5f842fb3e5d4ae",
                "sha256:4cd499e0e88ac5aa6dbb690f5aed4bdd977fc1861f1b1a221f00ef5603e51437",
                "sha256:5aff0a00aeb1a63ccab2195ca36c11dba355101e586395f2f1c7fe17f85573a0",
                "sha256:5c0995633eb594a3360db6974a2db529959af2d44e1c11b9042b227a9b524ab8",
                "sha256:664a734f703ff9479c910cb4e75d7973da4ec07aa6f87752a30826f0437f6190",
                "sha256:668c53b01e1f8761993f9d5440518785a6fb4ea767da46238baf27def25a95f5",
                "sha256:675788f475515bf395892799f04bc9f2628099ec31f637804a907f6e5f22082a",
                "sha256:6a480c221d25e36602e8f13a707e03971d6692f4f9cd8f99c10a04ff6100df97",
                "sha256:710d30cad47b87246cabe086c393a87e10942460d3aaa7d176c8e3012eb73568",
                "sha256:752c497c3604e62b53587b6610930601c7cea4ead98b770261ba5c036da2f13e",
                "sha256:7746afa8550993d93ca20c4170f72cd9d791067c07dc4e97c8685f24457f172d",
                "sha256:784023abdf4f14175114405f6fc4a4b47250c1f4e0c737dd96c96347deb9df28",
                "sha256:7f9f7bba0f203d1465fd7e3f7faaafb23fdbe672c9edf8750a5fc355622126f8",
                "sha256:904065539fa200241188c7ccd08c93de7e09f1cc083adc395e94e6f356eb5aa5",
                "sha256:91f9efc108c6662d68cddf61e35eddb098670bd82d9bcd89fc7d0ea9c72825f5",
                "sha256:9741e8d8c44a82075bb0b6bb8863a7ea8d9359f1d49b63d387b63faa9b14a880",
                "sha256:9c105799920c750f72ceafe5c3d5b78c8999f5f5ab1868b1788dd41306aeaeac",
                "sha256:a2b4facb2691b8cae829f58856ac8597abfc45c5d53dd8b77663aedd1e596aa2",
                "sha256:a90d931df4687c2331d4eafc61e274683b5e5abe68587a6d45ed4a90d3643927",
                "sha256:b2f8ff4a68a8366f0da5c2c43650861bffd82a69ed72e322ddd7b68664320e03",
                "sha256:b550e1eb44f63a93a8fe00a763b0d1be8564891fd4618069c9b59dc336fb3ffc",
                "sha256:b62397015c5a3773ed336614e4091a7a303eb8ac4c1f35dcbf931c5b9148ef35",
                "sha256:b6a9e823946174065e72e2d61052cb6fdbd19cf368fd48bda571ee994dce7937",
                "sha256:b938d640ce19faab59eae0c9323ee01ad0f273eae85ddd1a62968aa81bd62d59",
                "sha256:bb0dd0d48eb00c018a2ac0984fc4cc5404f060cf22c3034e3f488fd2eaf0a8fa",
                "sha256:bfc0b6ea6fe148e3c4e1e2ad1ac9da5c9787df6b297c74b4adbab6290011023f",
                "sha256:c543ce1c431e3d83041b860f1adbead1b0c67512198ae2f364d995284dc4ceba",
                "sha256:c6273b2c3920a4b37bbba0a26c775c518f593105b04c9961ff929ba4f0f0c7d7",
                "sha256:c6781a8834144c034d710681de6f9a6e33901d74b3ddf26bb6fb07bca91d37e0",
                "sha256:ca9969c31db6d90ac0df6cb631046696bdc7e15e8bfc67b2742200d9403d5830",
                "sha256:cdd6d4cb9b343f8a35438027473a74ae2294a7e83c7361777adaec496b30d53f",
                "sha256:cef0a7a57c790f10928eff85ad9ee465efdf1ec83d243da5f210ea529aaed1dd",
                "sha256:d0ef0407d3df8e0811867e1d67c4f55fdd998182b10b2de3e97d5cb6214793ca",
                "sha256:dd83b90faac74938c3163221d8149598c4753f8f55de9d683d5f2bf3e047c857",
                "sha256:e212b48cc00b2f442d270db30ec35f6d661057543050ba07f8f385aaf0ee914a",
                "sha256:e723fa7981d30a4ec583aa5c2d8f3e709f0b6cd1953e0e5687cf97b79fcf765b",
                "sha256:eb07dab420f01166efe0fdfe293d5420f93329178d1260ddf3b01ec3330eb8ae",
                "sha256:ec4c2c667f89942a611b3dfaa6944d278743a5c0ec9f1052b279f1d719e6dce3",
                "sha256:f9d897d7742fdc2420ee2ef6e23d6119b162517de793187a5267e0565c9dad58"
            ],
            "index": "pypi",
            "version": "==3.0.11"
        },
        "psycopg2-binary": {
            "hashes": [
                "sha256:01310cf4cf26db9aea5158c217caa92d291f0500051a6469ac52166e1a16f5b7",
                "sha256:083a55275f09a62b8ca4902dd11f4b33075b743cf0d360419e2051a8a5d5ff76",
                "sha256:090f3348c0ab2cceb6dfbe6bf721ef61262ddf518cd6cc6ecc7d334996d64efa",
                "sha256:0a29729145aaaf1ad8bafe663131890e2111f13416b60e460dae0a96af5905c9",
                "sha256:0c9d5450c566c80c396b7402895c4369a410cab5a82707b11aee1e624da7d004",
                "sha256:10bb90fb4d523a2aa67773d4ff2b833ec00857f5912bafcfd5f5414e45280fb1",
                "sha256:12b11322ea00ad8db8c46f18b7dfc47ae215e4df55b46c67a94b4effbaec7094",
                "sha256:152f09f57417b831418304c7f30d727dc83a12761627bb826951692cc6491e57",
                "sha256:15803fa813ea05bef089fa78835118b5434204f3a17cb9f1e5dbfd0b9deea5af",
                "sha256:15c4e4cfa45f5a60599d9cec5f46cd7b1b29d86a6390ec23e8eebaae84e64554",
                "sha256:183a517a3a63503f70f808b58bfbf962f23d73b6dccddae5aa56152ef2bcb232",
                "sha256:1f14c8b0942714eb3c74e1e71700cbbcb415acbc311c730370e70c578a44a25c",
                "sha256:1f6b813106a3abdf7b03640d36e24669234120c72e91d5cbaeb87c5f7c36c65b",
                "sha256:280b0bb5cbfe8039205c7981cceb006156a675362a00fe29b16fbc264e242834",
                "sha256:2d872e3c9d5d075a2e104540965a1cf898b52274a5923936e5bfddb58c59c7c2",
                "sha256:2f9ffd643bc7349eeb664eba8864d9e01f057880f510e4681ba40a6532f93c71",
                "sha256:3303f8807f342641851578ee7ed1f3efc9802d00a6f83c101d21c608cb864460",
                "sha256:35168209c9d51b145e459e05c31a9eaeffa9a6b0fd61689b48e07464ffd1a83e",
                "sha256:3a79d622f5206d695d7824cbf609a4f5b88ea6d6dab5f7c147fc6d333a8787e4",
                "sha256:404224e5fef3b193f892abdbf8961ce20e0b6642886cfe1fe1923f41aaa75c9d",
                "sha256:46f0e0a6b5fa5851bbd9ab1bc805eef362d3a230fbdfbc209f4a236d0a7a990d",
                "sha256:47133f3f872faf28c1e87d4357220e809dfd3fa7c64295a4a148bcd1e6e34ec9",
                "sha256:526ea0378246d9b080148f2d6681229f4b5964543c170dd10bf4faaab6e0d27f",
                "sha256:53293533fcbb94c202b7c800a12c873cfe24599656b341f56e71dd2b557be063",
                "sha256:539b28661b71da7c0e428692438efbcd048ca21ea81af618d845e06ebfd29478",
                "sha256:57804fc02ca3ce0dbfbef35c4b3a4a774da66d66ea20f4bda601294ad2ea6092",
                "sha256:63638d875be8c2784cfc952c9ac34e2b50e43f9f0a0660b65e2a87d656b3116c",
                "sha256:6472a178e291b59e7f16ab49ec8b4f3bdada0a879c68d3817ff0963e722a82ce",
                "sha256:68641a34023d306be959101b345732360fc2ea4938982309b786f7be1b43a4a1",
                "sha256:6e82d38390a03da28c7985b394ec3f56873174e2c88130e6966cb1c946508e65",
                "sha256:761df5313dc15da1502b21453642d7599d26be88bff659382f8f9747c7ebea4e",
                "sha256:7af0dd86ddb2f8af5da57a976d27cd2cd15510518d582b478fbb2292428710b4",
                "sha256:7b1e9b80afca7b7a386ef087db614faebbf8839b7f4db5eb107d0f1a53225029",
                "sha256:874a52ecab70af13e899f7847b3e074eeb16ebac5615665db33bce8a1009cf33",
                "sha256:887dd9aac71765ac0d0bac1d0d4b4f2c99d5f5c1382d8b770404f0f3d0ce8a39",
                "sha256:8b344adbb9a862de0c635f4f0425b7958bf5a4b927c8594e6e8d261775796d53",
                "sha256:8fc53f9af09426a61db9ba357865c77f26076d48669f2e1bb24d85a22fb52307",
                "sha256:91920527dea30175cc02a1099f331aa8c1ba39bf8b7762b7b56cbf54bc5cce42",
                "sha256:93cd1967a18aa0edd4b95b1dfd554cf15af657cb606280996d393dadc88c3c35",
                "sha256:99485cab9ba0fa9b84f1f9e1fef106f44a46ef6afdeec8885e0b88d0772b49e8",
                "sha256:9d29409b625a143649d03d0fd7b57e4b92e0ecad9726ba682244b73be91d2fdb",
                "sha256:a29b3ca4ec9defec6d42bf5feb36bb5817ba3c0230dd83b4edf4bf02684cd0ae",
                "sha256:a9e1f75f96ea388fbcef36c70640c4efbe4650658f3d6a2967b4cc70e907352e",
                "sha256:accfe7e982411da3178ec690baaceaad3c278652998b2c45828aaac66cd8285f",
                "sha256:adf20d9a67e0b6393eac162eb81fb10bc9130a80540f4df7e7355c2dd4af9fba",
                "sha256:af9813db73395fb1fc211bac696faea4ca9ef53f32dc0cfa27e4e7cf766dcf24",
                "sha256:b1c8068513f5b158cf7e29c43a77eb34b407db29aca749d3eb9293ee0d3103ca",
                "sha256:bda845b664bb6c91446ca9609fc69f7db6c334ec5e4adc87571c34e4f47b7ddb",
                "sha256:c381bda330ddf2fccbafab789d83ebc6c53db126e4383e73794c74eedce855ef",
                "sha256:c3ae8e75eb7160851e59adc77b3a19a976e50622e44fd4fd47b8b18208189d42",
                "sha256:d1c1b569ecafe3a69380a94e6ae09a4789bbb23666f3d3a08d06bbd2451f5ef1",
                "sha256:def68d7c21984b0f8218e8a15d514f714d96904265164f75f8d3a70f9c295667",
                "sha256:dffc08ca91c9ac09008870c9eb77b00a46b3378719584059c034b8945e26b272",
                "sha256:e3699852e22aa68c10de06524a3721ade969abf382da95884e6a10ff798f9281",
                "sha256:e847774f8ffd5b398a75bc1c18fbb56564cda3d629fe68fd81971fece2d3c67e",
                "sha256:ffb7a888a047696e7f8240d649b43fb3644f14f0ee229077e7f6b9f9081635bd"
            ],
            "index": "pypi",
            "version": "==2.9.3"
        },
        "pytz": {
            "hashes": [
                "sha256:1e760e2fe6a8163bc0b3d9a19c4f84342afa0a2affebfaa84b01b978a02ecaa7",
                "sha256:e68985985296d9a66a881eb3193b0906246245294a881e7c8afe623866ac6a5c"
            ],
            "version": "==2022.1"
        },
        "setuptools": {
            "hashes": [
                "sha256:26ead7d1f93efc0f8c804d9fafafbe4a44b179580a7105754b245155f9af05a8",
                "sha256:47c7b0c0f8fc10eec4cf1e71c6fdadf8decaa74ffa087e68cd1c20db7ad6a592"
            ],
            "markers": "python_version >= '3.7'",
            "version": "==62.1.0"
        },
        "sqlparse": {
            "hashes": [
                "sha256:0c00730c74263a94e5a9919ade150dfc3b19c574389985446148402998287dae",
                "sha256:48719e356bb8b42991bdbb1e8b83223757b93789c00910a616a071910ca4a64d"
            ],
            "markers": "python_version >= '3.5'",
            "version": "==0.4.2"
        },
        "whitenoise": {
            "hashes": [
                "sha256:08c42bc535f9777eea1a599289d9433f081921f97887eaf6f559446b2a080374",
                "sha256:5a4aff543ee860fbe40d743e556adf92ccd41b7df45697cae074afdf657056b9"
            ],
            "index": "pypi",
            "version": "==6.0.0"
        }
    },
    "develop": {}
}
